
Microsoft Visual Studio Solution File, Format Version 12.00
# Visual Studio Version 17
VisualStudioVersion = 17.5.33530.505
MinimumVisualStudioVersion = 10.0.40219.1
Project("{FAE04EC0-301F-11D3-BF4B-00C04F79EFBC}") = "Lib", "Lib\Lib.csproj", "{FFCE2B9F-6F7C-40A0-80B0-B222AD994A45}"
EndProject
Project("{FAE04EC0-301F-11D3-BF4B-00C04F79EFBC}") = "xUnit", "xUnit\xUnit.csproj", "{28614F74-167E-4507-B167-9484CCF01D71}"
EndProject
Project("{FAE04EC0-301F-11D3-BF4B-00C04F79EFBC}") = "ConsoleApp", "ConsoleApp\ConsoleApp.csproj", "{B0A79D59-C03A-4BD1-A184-133FEF2C74CF}"
EndProject
Global
	GlobalSection(SolutionConfigurationPlatforms) = preSolution
		Debug|Any CPU = Debug|Any CPU
		Release|Any CPU = Release|Any CPU
	EndGlobalSection
	GlobalSection(ProjectConfigurationPlatforms) = postSolution
		{FFCE2B9F-6F7C-40A0-80B0-B222AD994A45}.Debug|Any CPU.ActiveCfg = Debug|Any CPU
		{FFCE2B9F-6F7C-40A0-80B0-B222AD994A45}.Debug|Any CPU.Build.0 = Debug|Any CPU
		{FFCE2B9F-6F7C-40A0-80B0-B222AD994A45}.Release|Any CPU.ActiveCfg = Release|Any CPU
		{FFCE2B9F-6F7C-40A0-80B0-B222AD994A45}.Release|Any CPU.Build.0 = Release|Any CPU
		{28614F74-167E-4507-B167-9484CCF01D71}.Debug|Any CPU.ActiveCfg = Debug|Any CPU
		{28614F74-167E-4507-B167-9484CCF01D71}.Debug|Any CPU.Build.0 = Debug|Any CPU
		{28614F74-167E-4507-B167-9484CCF01D71}.Release|Any CPU.ActiveCfg = Release|Any CPU
		{28614F74-167E-4507-B167-9484CCF01D71}.Release|Any CPU.Build.0 = Release|Any CPU
		{B0A79D59-C03A-4BD1-A184-133FEF2C74CF}.Debug|Any CPU.ActiveCfg = Debug|Any CPU
		{B0A79D59-C03A-4BD1-A184-133FEF2C74CF}.Debug|Any CPU.Build.0 = Debug|Any CPU
		{B0A79D59-C03A-4BD1-A184-133FEF2C74CF}.Release|Any CPU.ActiveCfg = Release|Any CPU
		{B0A79D59-C03A-4BD1-A184-133FEF2C74CF}.Release|Any CPU.Build.0 = Release|Any CPU
	EndGlobalSection
	GlobalSection(SolutionProperties) = preSolution
		HideSolutionNode = FALSE
	EndGlobalSection
	GlobalSection(ExtensibilityGlobals) = postSolution
		SolutionGuid = {9F95B583-00B4-49DA-A02D-97E18C258785}
	EndGlobalSection
EndGlobal
